// !$*UTF8*$!
{
	archiveVersion = 1;
	classes = {
	};
	objectVersion = 56;
	objects = {

/* Begin PBXBuildFile section */
		158DF7AC2A503276000501D7 /* AppLauncher.swift in Sources */ = {isa = PBXBuildFile; fileRef = 158DF7AB2A503276000501D7 /* AppLauncher.swift */; };
		158DF7B12A50388D000501D7 /* GetDataUseCase.swift in Sources */ = {isa = PBXBuildFile; fileRef = 158DF7B02A50388D000501D7 /* GetDataUseCase.swift */; };
		158DF7B42A50CAA1000501D7 /* GetDataUseCaseInput.swift in Sources */ = {isa = PBXBuildFile; fileRef = 158DF7B32A50CAA1000501D7 /* GetDataUseCaseInput.swift */; };
		158DF7B62A50CAC0000501D7 /* GetDataUseCaseOutput.swift in Sources */ = {isa = PBXBuildFile; fileRef = 158DF7B52A50CAC0000501D7 /* GetDataUseCaseOutput.swift */; };
		158DF7B92A50CE93000501D7 /* DataRepository.swift in Sources */ = {isa = PBXBuildFile; fileRef = 158DF7B82A50CE93000501D7 /* DataRepository.swift */; };
		158DF7BB2A50CF14000501D7 /* DataRepositoryInterface.swift in Sources */ = {isa = PBXBuildFile; fileRef = 158DF7BA2A50CF14000501D7 /* DataRepositoryInterface.swift */; };
		158DF7BD2A519133000501D7 /* UIViewController+Ext.swift in Sources */ = {isa = PBXBuildFile; fileRef = 158DF7BC2A519133000501D7 /* UIViewController+Ext.swift */; };
		15909A552A2BE3D60030834B /* AppDelegate.swift in Sources */ = {isa = PBXBuildFile; fileRef = 15909A542A2BE3D60030834B /* AppDelegate.swift */; };
		15909A572A2BE3D60030834B /* SceneDelegate.swift in Sources */ = {isa = PBXBuildFile; fileRef = 15909A562A2BE3D60030834B /* SceneDelegate.swift */; };
		15909A5F2A2BE3D60030834B /* CleanSwiftExample.xcdatamodeld in Sources */ = {isa = PBXBuildFile; fileRef = 15909A5D2A2BE3D60030834B /* CleanSwiftExample.xcdatamodeld */; };
		15909A612A2BE3D70030834B /* Assets.xcassets in Resources */ = {isa = PBXBuildFile; fileRef = 15909A602A2BE3D70030834B /* Assets.xcassets */; };
		15909A642A2BE3D70030834B /* LaunchScreen.storyboard in Resources */ = {isa = PBXBuildFile; fileRef = 15909A622A2BE3D70030834B /* LaunchScreen.storyboard */; };
		15909A6F2A2BE3D80030834B /* CleanSwiftExampleTests.swift in Sources */ = {isa = PBXBuildFile; fileRef = 15909A6E2A2BE3D80030834B /* CleanSwiftExampleTests.swift */; };
		15909A792A2BE3D80030834B /* CleanSwiftExampleUITests.swift in Sources */ = {isa = PBXBuildFile; fileRef = 15909A782A2BE3D80030834B /* CleanSwiftExampleUITests.swift */; };
		15909A7B2A2BE3D80030834B /* CleanSwiftExampleUITestsLaunchTests.swift in Sources */ = {isa = PBXBuildFile; fileRef = 15909A7A2A2BE3D80030834B /* CleanSwiftExampleUITestsLaunchTests.swift */; };
		15A079492A2CDF330023F440 /* Splash.storyboard in Resources */ = {isa = PBXBuildFile; fileRef = 15A079482A2CDF330023F440 /* Splash.storyboard */; };
		15A0794B2A2CDF740023F440 /* SplashViewController.swift in Sources */ = {isa = PBXBuildFile; fileRef = 15A0794A2A2CDF740023F440 /* SplashViewController.swift */; };
		15A0794D2A2CE5740023F440 /* SplashViewModel.swift in Sources */ = {isa = PBXBuildFile; fileRef = 15A0794C2A2CE5740023F440 /* SplashViewModel.swift */; };
		15A079522A2CE7860023F440 /* HomeViewController.storyboard in Resources */ = {isa = PBXBuildFile; fileRef = 15A079512A2CE7860023F440 /* HomeViewController.storyboard */; };
		15A079542A2CE78F0023F440 /* HomeViewController.swift in Sources */ = {isa = PBXBuildFile; fileRef = 15A079532A2CE78F0023F440 /* HomeViewController.swift */; };
		15A079562A2CE7D00023F440 /* HomeViewModel.swift in Sources */ = {isa = PBXBuildFile; fileRef = 15A079552A2CE7D00023F440 /* HomeViewModel.swift */; };
		15A079592A2CE8F40023F440 /* PresentationError.swift in Sources */ = {isa = PBXBuildFile; fileRef = 15A079582A2CE8F40023F440 /* PresentationError.swift */; };
		15C37FC02A35CFB1007A891C /* UIStoryboard+Ext.swift in Sources */ = {isa = PBXBuildFile; fileRef = 15C37FBF2A35CFB1007A891C /* UIStoryboard+Ext.swift */; };
/* End PBXBuildFile section */

/* Begin PBXContainerItemProxy section */
		15909A6B2A2BE3D80030834B /* PBXContainerItemProxy */ = {
			isa = PBXContainerItemProxy;
			containerPortal = 15909A492A2BE3D60030834B /* Project object */;
			proxyType = 1;
			remoteGlobalIDString = 15909A502A2BE3D60030834B;
			remoteInfo = CleanSwiftExample;
		};
		15909A752A2BE3D80030834B /* PBXContainerItemProxy */ = {
			isa = PBXContainerItemProxy;
			containerPortal = 15909A492A2BE3D60030834B /* Project object */;
			proxyType = 1;
			remoteGlobalIDString = 15909A502A2BE3D60030834B;
			remoteInfo = CleanSwiftExample;
		};
/* End PBXContainerItemProxy section */

/* Begin PBXFileReference section */
		158DF7AB2A503276000501D7 /* AppLauncher.swift */ = {isa = PBXFileReference; lastKnownFileType = sourcecode.swift; path = AppLauncher.swift; sourceTree = "<group>"; };
		158DF7B02A50388D000501D7 /* GetDataUseCase.swift */ = {isa = PBXFileReference; lastKnownFileType = sourcecode.swift; path = GetDataUseCase.swift; sourceTree = "<group>"; };
		158DF7B32A50CAA1000501D7 /* GetDataUseCaseInput.swift */ = {isa = PBXFileReference; lastKnownFileType = sourcecode.swift; path = GetDataUseCaseInput.swift; sourceTree = "<group>"; };
		158DF7B52A50CAC0000501D7 /* GetDataUseCaseOutput.swift */ = {isa = PBXFileReference; lastKnownFileType = sourcecode.swift; path = GetDataUseCaseOutput.swift; sourceTree = "<group>"; };
		158DF7B82A50CE93000501D7 /* DataRepository.swift */ = {isa = PBXFileReference; lastKnownFileType = sourcecode.swift; path = DataRepository.swift; sourceTree = "<group>"; };
		158DF7BA2A50CF14000501D7 /* DataRepositoryInterface.swift */ = {isa = PBXFileReference; lastKnownFileType = sourcecode.swift; path = DataRepositoryInterface.swift; sourceTree = "<group>"; };
		158DF7BC2A519133000501D7 /* UIViewController+Ext.swift */ = {isa = PBXFileReference; lastKnownFileType = sourcecode.swift; path = "UIViewController+Ext.swift"; sourceTree = "<group>"; };
		15909A512A2BE3D60030834B /* CleanSwiftExample.app */ = {isa = PBXFileReference; explicitFileType = wrapper.application; includeInIndex = 0; path = CleanSwiftExample.app; sourceTree = BUILT_PRODUCTS_DIR; };
		15909A542A2BE3D60030834B /* AppDelegate.swift */ = {isa = PBXFileReference; lastKnownFileType = sourcecode.swift; path = AppDelegate.swift; sourceTree = "<group>"; };
		15909A562A2BE3D60030834B /* SceneDelegate.swift */ = {isa = PBXFileReference; lastKnownFileType = sourcecode.swift; path = SceneDelegate.swift; sourceTree = "<group>"; };
		15909A5E2A2BE3D60030834B /* CleanSwiftExample.xcdatamodel */ = {isa = PBXFileReference; lastKnownFileType = wrapper.xcdatamodel; path = CleanSwiftExample.xcdatamodel; sourceTree = "<group>"; };
		15909A602A2BE3D70030834B /* Assets.xcassets */ = {isa = PBXFileReference; lastKnownFileType = folder.assetcatalog; path = Assets.xcassets; sourceTree = "<group>"; };
		15909A632A2BE3D70030834B /* Base */ = {isa = PBXFileReference; lastKnownFileType = file.storyboard; name = Base; path = Base.lproj/LaunchScreen.storyboard; sourceTree = "<group>"; };
		15909A652A2BE3D70030834B /* Info.plist */ = {isa = PBXFileReference; lastKnownFileType = text.plist.xml; path = Info.plist; sourceTree = "<group>"; };
		15909A6A2A2BE3D80030834B /* CleanSwiftExampleTests.xctest */ = {isa = PBXFileReference; explicitFileType = wrapper.cfbundle; includeInIndex = 0; path = CleanSwiftExampleTests.xctest; sourceTree = BUILT_PRODUCTS_DIR; };
		15909A6E2A2BE3D80030834B /* CleanSwiftExampleTests.swift */ = {isa = PBXFileReference; lastKnownFileType = sourcecode.swift; path = CleanSwiftExampleTests.swift; sourceTree = "<group>"; };
		15909A742A2BE3D80030834B /* CleanSwiftExampleUITests.xctest */ = {isa = PBXFileReference; explicitFileType = wrapper.cfbundle; includeInIndex = 0; path = CleanSwiftExampleUITests.xctest; sourceTree = BUILT_PRODUCTS_DIR; };
		15909A782A2BE3D80030834B /* CleanSwiftExampleUITests.swift */ = {isa = PBXFileReference; lastKnownFileType = sourcecode.swift; path = CleanSwiftExampleUITests.swift; sourceTree = "<group>"; };
		15909A7A2A2BE3D80030834B /* CleanSwiftExampleUITestsLaunchTests.swift */ = {isa = PBXFileReference; lastKnownFileType = sourcecode.swift; path = CleanSwiftExampleUITestsLaunchTests.swift; sourceTree = "<group>"; };
		15A079482A2CDF330023F440 /* Splash.storyboard */ = {isa = PBXFileReference; lastKnownFileType = file.storyboard; path = Splash.storyboard; sourceTree = "<group>"; };
		15A0794A2A2CDF740023F440 /* SplashViewController.swift */ = {isa = PBXFileReference; lastKnownFileType = sourcecode.swift; path = SplashViewController.swift; sourceTree = "<group>"; };
		15A0794C2A2CE5740023F440 /* SplashViewModel.swift */ = {isa = PBXFileReference; lastKnownFileType = sourcecode.swift; path = SplashViewModel.swift; sourceTree = "<group>"; };
		15A079512A2CE7860023F440 /* HomeViewController.storyboard */ = {isa = PBXFileReference; lastKnownFileType = file.storyboard; path = HomeViewController.storyboard; sourceTree = "<group>"; };
		15A079532A2CE78F0023F440 /* HomeViewController.swift */ = {isa = PBXFileReference; lastKnownFileType = sourcecode.swift; path = HomeViewController.swift; sourceTree = "<group>"; };
		15A079552A2CE7D00023F440 /* HomeViewModel.swift */ = {isa = PBXFileReference; lastKnownFileType = sourcecode.swift; path = HomeViewModel.swift; sourceTree = "<group>"; };
		15A079582A2CE8F40023F440 /* PresentationError.swift */ = {isa = PBXFileReference; lastKnownFileType = sourcecode.swift; path = PresentationError.swift; sourceTree = "<group>"; };
		15C37FBF2A35CFB1007A891C /* UIStoryboard+Ext.swift */ = {isa = PBXFileReference; lastKnownFileType = sourcecode.swift; path = "UIStoryboard+Ext.swift"; sourceTree = "<group>"; };
/* End PBXFileReference section */

/* Begin PBXFrameworksBuildPhase section */
		15909A4E2A2BE3D60030834B /* Frameworks */ = {
			isa = PBXFrameworksBuildPhase;
			buildActionMask = 2147483647;
			files = (
			);
			runOnlyForDeploymentPostprocessing = 0;
		};
		15909A672A2BE3D80030834B /* Frameworks */ = {
			isa = PBXFrameworksBuildPhase;
			buildActionMask = 2147483647;
			files = (
			);
			runOnlyForDeploymentPostprocessing = 0;
		};
		15909A712A2BE3D80030834B /* Frameworks */ = {
			isa = PBXFrameworksBuildPhase;
			buildActionMask = 2147483647;
			files = (
			);
			runOnlyForDeploymentPostprocessing = 0;
		};
/* End PBXFrameworksBuildPhase section */

/* Begin PBXGroup section */
		158DF7AA2A503265000501D7 /* Launcher */ = {
			isa = PBXGroup;
			children = (
				158DF7AB2A503276000501D7 /* AppLauncher.swift */,
			);
			path = Launcher;
			sourceTree = "<group>";
		};
		158DF7AD2A5035CB000501D7 /* UseCases */ = {
			isa = PBXGroup;
			children = (
				158DF7B02A50388D000501D7 /* GetDataUseCase.swift */,
				158DF7B32A50CAA1000501D7 /* GetDataUseCaseInput.swift */,
				158DF7B52A50CAC0000501D7 /* GetDataUseCaseOutput.swift */,
			);
			path = UseCases;
			sourceTree = "<group>";
		};
		158DF7B22A5039A7000501D7 /* Repositories */ = {
			isa = PBXGroup;
			children = (
				158DF7B82A50CE93000501D7 /* DataRepository.swift */,
			);
			path = Repositories;
			sourceTree = "<group>";
		};
		158DF7B72A50CE84000501D7 /* Interfaces */ = {
			isa = PBXGroup;
			children = (
				158DF7BA2A50CF14000501D7 /* DataRepositoryInterface.swift */,
			);
			path = Interfaces;
			sourceTree = "<group>";
		};
		15909A482A2BE3D60030834B = {
			isa = PBXGroup;
			children = (
				15909A532A2BE3D60030834B /* CleanSwiftExample */,
				15909A6D2A2BE3D80030834B /* CleanSwiftExampleTests */,
				15909A772A2BE3D80030834B /* CleanSwiftExampleUITests */,
				15909A522A2BE3D60030834B /* Products */,
			);
			sourceTree = "<group>";
		};
		15909A522A2BE3D60030834B /* Products */ = {
			isa = PBXGroup;
			children = (
				15909A512A2BE3D60030834B /* CleanSwiftExample.app */,
				15909A6A2A2BE3D80030834B /* CleanSwiftExampleTests.xctest */,
				15909A742A2BE3D80030834B /* CleanSwiftExampleUITests.xctest */,
			);
			name = Products;
			sourceTree = "<group>";
		};
		15909A532A2BE3D60030834B /* CleanSwiftExample */ = {
			isa = PBXGroup;
			children = (
				15A079402A2CDB2C0023F440 /* Application */,
				15A079412A2CDB320023F440 /* Infrastructure */,
				15A079442A2CDD6C0023F440 /* Presentation */,
				15A079432A2CDD680023F440 /* Domain */,
				15A079422A2CDD620023F440 /* Data */,
			);
			path = CleanSwiftExample;
			sourceTree = "<group>";
		};
		15909A6D2A2BE3D80030834B /* CleanSwiftExampleTests */ = {
			isa = PBXGroup;
			children = (
				15909A6E2A2BE3D80030834B /* CleanSwiftExampleTests.swift */,
			);
			path = CleanSwiftExampleTests;
			sourceTree = "<group>";
		};
		15909A772A2BE3D80030834B /* CleanSwiftExampleUITests */ = {
			isa = PBXGroup;
			children = (
				15909A782A2BE3D80030834B /* CleanSwiftExampleUITests.swift */,
				15909A7A2A2BE3D80030834B /* CleanSwiftExampleUITestsLaunchTests.swift */,
			);
			path = CleanSwiftExampleUITests;
			sourceTree = "<group>";
		};
		15A079402A2CDB2C0023F440 /* Application */ = {
			isa = PBXGroup;
			children = (
				15909A5D2A2BE3D60030834B /* CleanSwiftExample.xcdatamodeld */,
				15909A622A2BE3D70030834B /* LaunchScreen.storyboard */,
				15909A602A2BE3D70030834B /* Assets.xcassets */,
				15909A652A2BE3D70030834B /* Info.plist */,
				15909A562A2BE3D60030834B /* SceneDelegate.swift */,
				15909A542A2BE3D60030834B /* AppDelegate.swift */,
			);
			path = Application;
			sourceTree = "<group>";
		};
		15A079412A2CDB320023F440 /* Infrastructure */ = {
			isa = PBXGroup;
			children = (
			);
			path = Infrastructure;
			sourceTree = "<group>";
		};
		15A079422A2CDD620023F440 /* Data */ = {
			isa = PBXGroup;
			children = (
				158DF7B22A5039A7000501D7 /* Repositories */,
			);
			path = Data;
			sourceTree = "<group>";
		};
		15A079432A2CDD680023F440 /* Domain */ = {
			isa = PBXGroup;
			children = (
				158DF7B72A50CE84000501D7 /* Interfaces */,
				158DF7AD2A5035CB000501D7 /* UseCases */,
			);
			path = Domain;
			sourceTree = "<group>";
		};
		15A079442A2CDD6C0023F440 /* Presentation */ = {
			isa = PBXGroup;
			children = (
				158DF7AA2A503265000501D7 /* Launcher */,
				15A079572A2CE8E70023F440 /* Common */,
				15A0794E2A2CE7660023F440 /* Home */,
				15A079452A2CDF1A0023F440 /* Splash */,
			);
			path = Presentation;
			sourceTree = "<group>";
		};
		15A079452A2CDF1A0023F440 /* Splash */ = {
			isa = PBXGroup;
			children = (
				15A079472A2CDF280023F440 /* ViewModel */,
				15A079462A2CDF230023F440 /* View */,
			);
			path = Splash;
			sourceTree = "<group>";
		};
		15A079462A2CDF230023F440 /* View */ = {
			isa = PBXGroup;
			children = (
				15A079482A2CDF330023F440 /* Splash.storyboard */,
				15A0794A2A2CDF740023F440 /* SplashViewController.swift */,
			);
			path = View;
			sourceTree = "<group>";
		};
		15A079472A2CDF280023F440 /* ViewModel */ = {
			isa = PBXGroup;
			children = (
				15A0794C2A2CE5740023F440 /* SplashViewModel.swift */,
			);
			path = ViewModel;
			sourceTree = "<group>";
		};
		15A0794E2A2CE7660023F440 /* Home */ = {
			isa = PBXGroup;
			children = (
				15A079502A2CE76D0023F440 /* ViewModel */,
				15A0794F2A2CE7690023F440 /* View */,
			);
			path = Home;
			sourceTree = "<group>";
		};
		15A0794F2A2CE7690023F440 /* View */ = {
			isa = PBXGroup;
			children = (
				15A079512A2CE7860023F440 /* HomeViewController.storyboard */,
				15A079532A2CE78F0023F440 /* HomeViewController.swift */,
			);
			path = View;
			sourceTree = "<group>";
		};
		15A079502A2CE76D0023F440 /* ViewModel */ = {
			isa = PBXGroup;
			children = (
				15A079552A2CE7D00023F440 /* HomeViewModel.swift */,
			);
			path = ViewModel;
			sourceTree = "<group>";
		};
		15A079572A2CE8E70023F440 /* Common */ = {
			isa = PBXGroup;
			children = (
				15C37FBE2A35CF93007A891C /* Extensions */,
				15C37FBD2A35CF8A007A891C /* Error */,
			);
			path = Common;
			sourceTree = "<group>";
		};
		15C37FBD2A35CF8A007A891C /* Error */ = {
			isa = PBXGroup;
			children = (
				15A079582A2CE8F40023F440 /* PresentationError.swift */,
			);
			path = Error;
			sourceTree = "<group>";
		};
		15C37FBE2A35CF93007A891C /* Extensions */ = {
			isa = PBXGroup;
			children = (
				15C37FBF2A35CFB1007A891C /* UIStoryboard+Ext.swift */,
				158DF7BC2A519133000501D7 /* UIViewController+Ext.swift */,
			);
			path = Extensions;
			sourceTree = "<group>";
		};
/* End PBXGroup section */

/* Begin PBXNativeTarget section */
		15909A502A2BE3D60030834B /* CleanSwiftExample */ = {
			isa = PBXNativeTarget;
			buildConfigurationList = 15909A7E2A2BE3D80030834B /* Build configuration list for PBXNativeTarget "CleanSwiftExample" */;
			buildPhases = (
				15909A4D2A2BE3D60030834B /* Sources */,
				15909A4E2A2BE3D60030834B /* Frameworks */,
				15909A4F2A2BE3D60030834B /* Resources */,
			);
			buildRules = (
			);
			dependencies = (
			);
			name = CleanSwiftExample;
			productName = CleanSwiftExample;
			productReference = 15909A512A2BE3D60030834B /* CleanSwiftExample.app */;
			productType = "com.apple.product-type.application";
		};
		15909A692A2BE3D80030834B /* CleanSwiftExampleTests */ = {
			isa = PBXNativeTarget;
			buildConfigurationList = 15909A812A2BE3D80030834B /* Build configuration list for PBXNativeTarget "CleanSwiftExampleTests" */;
			buildPhases = (
				15909A662A2BE3D80030834B /* Sources */,
				15909A672A2BE3D80030834B /* Frameworks */,
				15909A682A2BE3D80030834B /* Resources */,
			);
			buildRules = (
			);
			dependencies = (
				15909A6C2A2BE3D80030834B /* PBXTargetDependency */,
			);
			name = CleanSwiftExampleTests;
			productName = CleanSwiftExampleTests;
			productReference = 15909A6A2A2BE3D80030834B /* CleanSwiftExampleTests.xctest */;
			productType = "com.apple.product-type.bundle.unit-test";
		};
		15909A732A2BE3D80030834B /* CleanSwiftExampleUITests */ = {
			isa = PBXNativeTarget;
			buildConfigurationList = 15909A842A2BE3D80030834B /* Build configuration list for PBXNativeTarget "CleanSwiftExampleUITests" */;
			buildPhases = (
				15909A702A2BE3D80030834B /* Sources */,
				15909A712A2BE3D80030834B /* Frameworks */,
				15909A722A2BE3D80030834B /* Resources */,
			);
			buildRules = (
			);
			dependencies = (
				15909A762A2BE3D80030834B /* PBXTargetDependency */,
			);
			name = CleanSwiftExampleUITests;
			productName = CleanSwiftExampleUITests;
			productReference = 15909A742A2BE3D80030834B /* CleanSwiftExampleUITests.xctest */;
			productType = "com.apple.product-type.bundle.ui-testing";
		};
/* End PBXNativeTarget section */

/* Begin PBXProject section */
		15909A492A2BE3D60030834B /* Project object */ = {
			isa = PBXProject;
			attributes = {
				BuildIndependentTargetsInParallel = 1;
				LastSwiftUpdateCheck = 1430;
				LastUpgradeCheck = 1430;
				TargetAttributes = {
					15909A502A2BE3D60030834B = {
						CreatedOnToolsVersion = 14.3;
					};
					15909A692A2BE3D80030834B = {
						CreatedOnToolsVersion = 14.3;
						TestTargetID = 15909A502A2BE3D60030834B;
					};
					15909A732A2BE3D80030834B = {
						CreatedOnToolsVersion = 14.3;
						TestTargetID = 15909A502A2BE3D60030834B;
					};
				};
			};
			buildConfigurationList = 15909A4C2A2BE3D60030834B /* Build configuration list for PBXProject "CleanSwiftExample" */;
			compatibilityVersion = "Xcode 14.0";
			developmentRegion = en;
			hasScannedForEncodings = 0;
			knownRegions = (
				en,
				Base,
			);
			mainGroup = 15909A482A2BE3D60030834B;
			productRefGroup = 15909A522A2BE3D60030834B /* Products */;
			projectDirPath = "";
			projectRoot = "";
			targets = (
				15909A502A2BE3D60030834B /* CleanSwiftExample */,
				15909A692A2BE3D80030834B /* CleanSwiftExampleTests */,
				15909A732A2BE3D80030834B /* CleanSwiftExampleUITests */,
			);
		};
/* End PBXProject section */

/* Begin PBXResourcesBuildPhase section */
		15909A4F2A2BE3D60030834B /* Resources */ = {
			isa = PBXResourcesBuildPhase;
			buildActionMask = 2147483647;
			files = (
				15A079522A2CE7860023F440 /* HomeViewController.storyboard in Resources */,
				15909A642A2BE3D70030834B /* LaunchScreen.storyboard in Resources */,
				15909A612A2BE3D70030834B /* Assets.xcassets in Resources */,
				15A079492A2CDF330023F440 /* Splash.storyboard in Resources */,
			);
			runOnlyForDeploymentPostprocessing = 0;
		};
		15909A682A2BE3D80030834B /* Resources */ = {
			isa = PBXResourcesBuildPhase;
			buildActionMask = 2147483647;
			files = (
			);
			runOnlyForDeploymentPostprocessing = 0;
		};
		15909A722A2BE3D80030834B /* Resources */ = {
			isa = PBXResourcesBuildPhase;
			buildActionMask = 2147483647;
			files = (
			);
			runOnlyForDeploymentPostprocessing = 0;
		};
/* End PBXResourcesBuildPhase section */

/* Begin PBXSourcesBuildPhase section */
		15909A4D2A2BE3D60030834B /* Sources */ = {
			isa = PBXSourcesBuildPhase;
			buildActionMask = 2147483647;
			files = (
				15A079592A2CE8F40023F440 /* PresentationError.swift in Sources */,
				158DF7BB2A50CF14000501D7 /* DataRepositoryInterface.swift in Sources */,
				15A0794D2A2CE5740023F440 /* SplashViewModel.swift in Sources */,
				15909A552A2BE3D60030834B /* AppDelegate.swift in Sources */,
				158DF7AC2A503276000501D7 /* AppLauncher.swift in Sources */,
				15A079562A2CE7D00023F440 /* HomeViewModel.swift in Sources */,
				15909A5F2A2BE3D60030834B /* CleanSwiftExample.xcdatamodeld in Sources */,
				158DF7B12A50388D000501D7 /* GetDataUseCase.swift in Sources */,
				158DF7B42A50CAA1000501D7 /* GetDataUseCaseInput.swift in Sources */,
				15C37FC02A35CFB1007A891C /* UIStoryboard+Ext.swift in Sources */,
				15909A572A2BE3D60030834B /* SceneDelegate.swift in Sources */,
				15A0794B2A2CDF740023F440 /* SplashViewController.swift in Sources */,
				158DF7B62A50CAC0000501D7 /* GetDataUseCaseOutput.swift in Sources */,
				15A079542A2CE78F0023F440 /* HomeViewController.swift in Sources */,
				158DF7BD2A519133000501D7 /* UIViewController+Ext.swift in Sources */,
				158DF7B92A50CE93000501D7 /* DataRepository.swift in Sources */,
			);
			runOnlyForDeploymentPostprocessing = 0;
		};
		15909A662A2BE3D80030834B /* Sources */ = {
			isa = PBXSourcesBuildPhase;
			buildActionMask = 2147483647;
			files = (
				15909A6F2A2BE3D80030834B /* CleanSwiftExampleTests.swift in Sources */,
			);
			runOnlyForDeploymentPostprocessing = 0;
		};
		15909A702A2BE3D80030834B /* Sources */ = {
			isa = PBXSourcesBuildPhase;
			buildActionMask = 2147483647;
			files = (
				15909A792A2BE3D80030834B /* CleanSwiftExampleUITests.swift in Sources */,
				15909A7B2A2BE3D80030834B /* CleanSwiftExampleUITestsLaunchTests.swift in Sources */,
			);
			runOnlyForDeploymentPostprocessing = 0;
		};
/* End PBXSourcesBuildPhase section */

/* Begin PBXTargetDependency section */
		15909A6C2A2BE3D80030834B /* PBXTargetDependency */ = {
			isa = PBXTargetDependency;
			target = 15909A502A2BE3D60030834B /* CleanSwiftExample */;
			targetProxy = 15909A6B2A2BE3D80030834B /* PBXContainerItemProxy */;
		};
		15909A762A2BE3D80030834B /* PBXTargetDependency */ = {
			isa = PBXTargetDependency;
			target = 15909A502A2BE3D60030834B /* CleanSwiftExample */;
			targetProxy = 15909A752A2BE3D80030834B /* PBXContainerItemProxy */;
		};
/* End PBXTargetDependency section */

/* Begin PBXVariantGroup section */
		15909A622A2BE3D70030834B /* LaunchScreen.storyboard */ = {
			isa = PBXVariantGroup;
			children = (
				15909A632A2BE3D70030834B /* Base */,
			);
			name = LaunchScreen.storyboard;
			sourceTree = "<group>";
		};
/* End PBXVariantGroup section */

/* Begin XCBuildConfiguration section */
		15909A7C2A2BE3D80030834B /* Debug */ = {
			isa = XCBuildConfiguration;
			buildSettings = {
				ALWAYS_SEARCH_USER_PATHS = NO;
				CLANG_ANALYZER_NONNULL = YES;
				CLANG_ANALYZER_NUMBER_OBJECT_CONVERSION = YES_AGGRESSIVE;
				CLANG_CXX_LANGUAGE_STANDARD = "gnu++20";
				CLANG_ENABLE_MODULES = YES;
				CLANG_ENABLE_OBJC_ARC = YES;
				CLANG_ENABLE_OBJC_WEAK = YES;
				CLANG_WARN_BLOCK_CAPTURE_AUTORELEASING = YES;
				CLANG_WARN_BOOL_CONVERSION = YES;
				CLANG_WARN_COMMA = YES;
				CLANG_WARN_CONSTANT_CONVERSION = YES;
				CLANG_WARN_DEPRECATED_OBJC_IMPLEMENTATIONS = YES;
				CLANG_WARN_DIRECT_OBJC_ISA_USAGE = YES_ERROR;
				CLANG_WARN_DOCUMENTATION_COMMENTS = YES;
				CLANG_WARN_EMPTY_BODY = YES;
				CLANG_WARN_ENUM_CONVERSION = YES;
				CLANG_WARN_INFINITE_RECURSION = YES;
				CLANG_WARN_INT_CONVERSION = YES;
				CLANG_WARN_NON_LITERAL_NULL_CONVERSION = YES;
				CLANG_WARN_OBJC_IMPLICIT_RETAIN_SELF = YES;
				CLANG_WARN_OBJC_LITERAL_CONVERSION = YES;
				CLANG_WARN_OBJC_ROOT_CLASS = YES_ERROR;
				CLANG_WARN_QUOTED_INCLUDE_IN_FRAMEWORK_HEADER = YES;
				CLANG_WARN_RANGE_LOOP_ANALYSIS = YES;
				CLANG_WARN_STRICT_PROTOTYPES = YES;
				CLANG_WARN_SUSPICIOUS_MOVE = YES;
				CLANG_WARN_UNGUARDED_AVAILABILITY = YES_AGGRESSIVE;
				CLANG_WARN_UNREACHABLE_CODE = YES;
				CLANG_WARN__DUPLICATE_METHOD_MATCH = YES;
				COPY_PHASE_STRIP = NO;
				DEBUG_INFORMATION_FORMAT = dwarf;
				ENABLE_STRICT_OBJC_MSGSEND = YES;
				ENABLE_TESTABILITY = YES;
				GCC_C_LANGUAGE_STANDARD = gnu11;
				GCC_DYNAMIC_NO_PIC = NO;
				GCC_NO_COMMON_BLOCKS = YES;
				GCC_OPTIMIZATION_LEVEL = 0;
				GCC_PREPROCESSOR_DEFINITIONS = (
					"DEBUG=1",
					"$(inherited)",
				);
				GCC_WARN_64_TO_32_BIT_CONVERSION = YES;
				GCC_WARN_ABOUT_RETURN_TYPE = YES_ERROR;
				GCC_WARN_UNDECLARED_SELECTOR = YES;
				GCC_WARN_UNINITIALIZED_AUTOS = YES_AGGRESSIVE;
				GCC_WARN_UNUSED_FUNCTION = YES;
				GCC_WARN_UNUSED_VARIABLE = YES;
				IPHONEOS_DEPLOYMENT_TARGET = 16.4;
				MTL_ENABLE_DEBUG_INFO = INCLUDE_SOURCE;
				MTL_FAST_MATH = YES;
				ONLY_ACTIVE_ARCH = YES;
				SDKROOT = iphoneos;
				SWIFT_ACTIVE_COMPILATION_CONDITIONS = DEBUG;
				SWIFT_OPTIMIZATION_LEVEL = "-Onone";
			};
			name = Debug;
		};
		15909A7D2A2BE3D80030834B /* Release */ = {
			isa = XCBuildConfiguration;
			buildSettings = {
				ALWAYS_SEARCH_USER_PATHS = NO;
				CLANG_ANALYZER_NONNULL = YES;
				CLANG_ANALYZER_NUMBER_OBJECT_CONVERSION = YES_AGGRESSIVE;
				CLANG_CXX_LANGUAGE_STANDARD = "gnu++20";
				CLANG_ENABLE_MODULES = YES;
				CLANG_ENABLE_OBJC_ARC = YES;
				CLANG_ENABLE_OBJC_WEAK = YES;
				CLANG_WARN_BLOCK_CAPTURE_AUTORELEASING = YES;
				CLANG_WARN_BOOL_CONVERSION = YES;
				CLANG_WARN_COMMA = YES;
				CLANG_WARN_CONSTANT_CONVERSION = YES;
				CLANG_WARN_DEPRECATED_OBJC_IMPLEMENTATIONS = YES;
				CLANG_WARN_DIRECT_OBJC_ISA_USAGE = YES_ERROR;
				CLANG_WARN_DOCUMENTATION_COMMENTS = YES;
				CLANG_WARN_EMPTY_BODY = YES;
				CLANG_WARN_ENUM_CONVERSION = YES;
				CLANG_WARN_INFINITE_RECURSION = YES;
				CLANG_WARN_INT_CONVERSION = YES;
				CLANG_WARN_NON_LITERAL_NULL_CONVERSION = YES;
				CLANG_WARN_OBJC_IMPLICIT_RETAIN_SELF = YES;
				CLANG_WARN_OBJC_LITERAL_CONVERSION = YES;
				CLANG_WARN_OBJC_ROOT_CLASS = YES_ERROR;
				CLANG_WARN_QUOTED_INCLUDE_IN_FRAMEWORK_HEADER = YES;
				CLANG_WARN_RANGE_LOOP_ANALYSIS = YES;
				CLANG_WARN_STRICT_PROTOTYPES = YES;
				CLANG_WARN_SUSPICIOUS_MOVE = YES;
				CLANG_WARN_UNGUARDED_AVAILABILITY = YES_AGGRESSIVE;
				CLANG_WARN_UNREACHABLE_CODE = YES;
				CLANG_WARN__DUPLICATE_METHOD_MATCH = YES;
				COPY_PHASE_STRIP = NO;
				DEBUG_INFORMATION_FORMAT = "dwarf-with-dsym";
				ENABLE_NS_ASSERTIONS = NO;
				ENABLE_STRICT_OBJC_MSGSEND = YES;
				GCC_C_LANGUAGE_STANDARD = gnu11;
				GCC_NO_COMMON_BLOCKS = YES;
				GCC_WARN_64_TO_32_BIT_CONVERSION = YES;
				GCC_WARN_ABOUT_RETURN_TYPE = YES_ERROR;
				GCC_WARN_UNDECLARED_SELECTOR = YES;
				GCC_WARN_UNINITIALIZED_AUTOS = YES_AGGRESSIVE;
				GCC_WARN_UNUSED_FUNCTION = YES;
				GCC_WARN_UNUSED_VARIABLE = YES;
				IPHONEOS_DEPLOYMENT_TARGET = 16.4;
				MTL_ENABLE_DEBUG_INFO = NO;
				MTL_FAST_MATH = YES;
				SDKROOT = iphoneos;
				SWIFT_COMPILATION_MODE = wholemodule;
				SWIFT_OPTIMIZATION_LEVEL = "-O";
				VALIDATE_PRODUCT = YES;
			};
			name = Release;
		};
		15909A7F2A2BE3D80030834B /* Debug */ = {
			isa = XCBuildConfiguration;
			buildSettings = {
				ASSETCATALOG_COMPILER_APPICON_NAME = AppIcon;
				ASSETCATALOG_COMPILER_GLOBAL_ACCENT_COLOR_NAME = AccentColor;
				CODE_SIGN_STYLE = Automatic;
				CURRENT_PROJECT_VERSION = 1;
				DEVELOPMENT_TEAM = DLR8V5476Q;
				GENERATE_INFOPLIST_FILE = YES;
				INFOPLIST_FILE = CleanSwiftExample/Application/Info.plist;
				INFOPLIST_KEY_UIApplicationSupportsIndirectInputEvents = YES;
				INFOPLIST_KEY_UILaunchStoryboardName = LaunchScreen;
				INFOPLIST_KEY_UISupportedInterfaceOrientations_iPad = "UIInterfaceOrientationPortrait UIInterfaceOrientationPortraitUpsideDown UIInterfaceOrientationLandscapeLeft UIInterfaceOrientationLandscapeRight";
				INFOPLIST_KEY_UISupportedInterfaceOrientations_iPhone = "UIInterfaceOrientationPortrait UIInterfaceOrientationLandscapeLeft UIInterfaceOrientationLandscapeRight";
				LD_RUNPATH_SEARCH_PATHS = (
					"$(inherited)",
					"@executable_path/Frameworks",
				);
				MARKETING_VERSION = 1.0;
				PRODUCT_BUNDLE_IDENTIFIER = com.sheikhamais.CleanSwiftExample;
				PRODUCT_NAME = "$(TARGET_NAME)";
				SWIFT_EMIT_LOC_STRINGS = YES;
				SWIFT_VERSION = 5.0;
				TARGETED_DEVICE_FAMILY = "1,2";
			};
			name = Debug;
		};
		15909A802A2BE3D80030834B /* Release */ = {
			isa = XCBuildConfiguration;
			buildSettings = {
				ASSETCATALOG_COMPILER_APPICON_NAME = AppIcon;
				ASSETCATALOG_COMPILER_GLOBAL_ACCENT_COLOR_NAME = AccentColor;
				CODE_SIGN_STYLE = Automatic;
				CURRENT_PROJECT_VERSION = 1;
				DEVELOPMENT_TEAM = DLR8V5476Q;
				GENERATE_INFOPLIST_FILE = YES;
				INFOPLIST_FILE = CleanSwiftExample/Application/Info.plist;
				INFOPLIST_KEY_UIApplicationSupportsIndirectInputEvents = YES;
				INFOPLIST_KEY_UILaunchStoryboardName = LaunchScreen;
				INFOPLIST_KEY_UISupportedInterfaceOrientations_iPad = "UIInterfaceOrientationPortrait UIInterfaceOrientationPortraitUpsideDown UIInterfaceOrientationLandscapeLeft UIInterfaceOrientationLandscapeRight";
				INFOPLIST_KEY_UISupportedInterfaceOrientations_iPhone = "UIInterfaceOrientationPortrait UIInterfaceOrientationLandscapeLeft UIInterfaceOrientationLandscapeRight";
				LD_RUNPATH_SEARCH_PATHS = (
					"$(inherited)",
					"@executable_path/Frameworks",
				);
				MARKETING_VERSION = 1.0;
				PRODUCT_BUNDLE_IDENTIFIER = com.sheikhamais.CleanSwiftExample;
				PRODUCT_NAME = "$(TARGET_NAME)";
				SWIFT_EMIT_LOC_STRINGS = YES;
				SWIFT_VERSION = 5.0;
				TARGETED_DEVICE_FAMILY = "1,2";
			};
			name = Release;
		};
		15909A822A2BE3D80030834B /* Debug */ = {
			isa = XCBuildConfiguration;
			buildSettings = {
				ALWAYS_EMBED_SWIFT_STANDARD_LIBRARIES = YES;
				BUNDLE_LOADER = "$(TEST_HOST)";
				CODE_SIGN_STYLE = Automatic;
				CURRENT_PROJECT_VERSION = 1;
				DEVELOPMENT_TEAM = DLR8V5476Q;
				GENERATE_INFOPLIST_FILE = YES;
				IPHONEOS_DEPLOYMENT_TARGET = 16.4;
				MARKETING_VERSION = 1.0;
				PRODUCT_BUNDLE_IDENTIFIER = com.sheikhamais.CleanSwiftExampleTests;
				PRODUCT_NAME = "$(TARGET_NAME)";
				SWIFT_EMIT_LOC_STRINGS = NO;
				SWIFT_VERSION = 5.0;
				TARGETED_DEVICE_FAMILY = "1,2";
				TEST_HOST = "$(BUILT_PRODUCTS_DIR)/CleanSwiftExample.app/$(BUNDLE_EXECUTABLE_FOLDER_PATH)/CleanSwiftExample";
			};
			name = Debug;
		};
		15909A832A2BE3D80030834B /* Release */ = {
			isa = XCBuildConfiguration;
			buildSettings = {
				ALWAYS_EMBED_SWIFT_STANDARD_LIBRARIES = YES;
				BUNDLE_LOADER = "$(TEST_HOST)";
				CODE_SIGN_STYLE = Automatic;
				CURRENT_PROJECT_VERSION = 1;
				DEVELOPMENT_TEAM = DLR8V5476Q;
				GENERATE_INFOPLIST_FILE = YES;
				IPHONEOS_DEPLOYMENT_TARGET = 16.4;
				MARKETING_VERSION = 1.0;
				PRODUCT_BUNDLE_IDENTIFIER = com.sheikhamais.CleanSwiftExampleTests;
				PRODUCT_NAME = "$(TARGET_NAME)";
				SWIFT_EMIT_LOC_STRINGS = NO;
				SWIFT_VERSION = 5.0;
				TARGETED_DEVICE_FAMILY = "1,2";
				TEST_HOST = "$(BUILT_PRODUCTS_DIR)/CleanSwiftExample.app/$(BUNDLE_EXECUTABLE_FOLDER_PATH)/CleanSwiftExample";
			};
			name = Release;
		};
		15909A852A2BE3D80030834B /* Debug */ = {
			isa = XCBuildConfiguration;
			buildSettings = {
				ALWAYS_EMBED_SWIFT_STANDARD_LIBRARIES = YES;
				CODE_SIGN_STYLE = Automatic;
				CURRENT_PROJECT_VERSION = 1;
				DEVELOPMENT_TEAM = DLR8V5476Q;
				GENERATE_INFOPLIST_FILE = YES;
				MARKETING_VERSION = 1.0;
				PRODUCT_BUNDLE_IDENTIFIER = com.sheikhamais.CleanSwiftExampleUITests;
				PRODUCT_NAME = "$(TARGET_NAME)";
				SWIFT_EMIT_LOC_STRINGS = NO;
				SWIFT_VERSION = 5.0;
				TARGETED_DEVICE_FAMILY = "1,2";
				TEST_TARGET_NAME = CleanSwiftExample;
			};
			name = Debug;
		};
		15909A862A2BE3D80030834B /* Release */ = {
			isa = XCBuildConfiguration;
			buildSettings = {
				ALWAYS_EMBED_SWIFT_STANDARD_LIBRARIES = YES;
				CODE_SIGN_STYLE = Automatic;
				CURRENT_PROJECT_VERSION = 1;
				DEVELOPMENT_TEAM = DLR8V5476Q;
				GENERATE_INFOPLIST_FILE = YES;
				MARKETING_VERSION = 1.0;
				PRODUCT_BUNDLE_IDENTIFIER = com.sheikhamais.CleanSwiftExampleUITests;
				PRODUCT_NAME = "$(TARGET_NAME)";
				SWIFT_EMIT_LOC_STRINGS = NO;
				SWIFT_VERSION = 5.0;
				TARGETED_DEVICE_FAMILY = "1,2";
				TEST_TARGET_NAME = CleanSwiftExample;
			};
			name = Release;
		};
/* End XCBuildConfiguration section */

/* Begin XCConfigurationList section */
		15909A4C2A2BE3D60030834B /* Build configuration list for PBXProject "CleanSwiftExample" */ = {
			isa = XCConfigurationList;
			buildConfigurations = (
				15909A7C2A2BE3D80030834B /* Debug */,
				15909A7D2A2BE3D80030834B /* Release */,
			);
			defaultConfigurationIsVisible = 0;
			defaultConfigurationName = Release;
		};
		15909A7E2A2BE3D80030834B /* Build configuration list for PBXNativeTarget "CleanSwiftExample" */ = {
			isa = XCConfigurationList;
			buildConfigurations = (
				15909A7F2A2BE3D80030834B /* Debug */,
				15909A802A2BE3D80030834B /* Release */,
			);
			defaultConfigurationIsVisible = 0;
			defaultConfigurationName = Release;
		};
		15909A812A2BE3D80030834B /* Build configuration list for PBXNativeTarget "CleanSwiftExampleTests" */ = {
			isa = XCConfigurationList;
			buildConfigurations = (
				15909A822A2BE3D80030834B /* Debug */,
				15909A832A2BE3D80030834B /* Release */,
			);
			defaultConfigurationIsVisible = 0;
			defaultConfigurationName = Release;
		};
		15909A842A2BE3D80030834B /* Build configuration list for PBXNativeTarget "CleanSwiftExampleUITests" */ = {
			isa = XCConfigurationList;
			buildConfigurations = (
				15909A852A2BE3D80030834B /* Debug */,
				15909A862A2BE3D80030834B /* Release */,
			);
			defaultConfigurationIsVisible = 0;
			defaultConfigurationName = Release;
		};
/* End XCConfigurationList section */

/* Begin XCVersionGroup section */
		15909A5D2A2BE3D60030834B /* CleanSwiftExample.xcdatamodeld */ = {
			isa = XCVersionGroup;
			children = (
				15909A5E2A2BE3D60030834B /* CleanSwiftExample.xcdatamodel */,
			);
			currentVersion = 15909A5E2A2BE3D60030834B /* CleanSwiftExample.xcdatamodel */;
			path = CleanSwiftExample.xcdatamodeld;
			sourceTree = "<group>";
			versionGroupType = wrapper.xcdatamodel;
		};
/* End XCVersionGroup section */
	};
	rootObject = 15909A492A2BE3D60030834B /* Project object */;
}
